<?xml version="1.0" encoding="utf-8"?>
<Project ToolsVersion="4.0" xmlns="http://schemas.microsoft.com/developer/msbuild/2003">
  <ItemGroup>
    <Filter Include="Header">
      <UniqueIdentifier>{93995380-89BD-4b04-88EB-625FBE52EBFB}</UniqueIdentifier>
      <Extensions>h;hh;hpp;hxx;h++;hm;inl;inc;ipp;xsd</Extensions>
    </Filter>
    <Filter Include="Source">
      <UniqueIdentifier>{4FC737F1-C7A5-4376-A066-2A32D752A2FF}</UniqueIdentifier>
      <Extensions>cpp;c;cc;cxx;c++;cppm;ixx;def;odl;idl;hpj;bat;asm;asmx</Extensions>
    </Filter>
    <Filter Include="SDK">
      <UniqueIdentifier>{67DA6AB6-F800-4c08-8B7A-83BB121AAD01}</UniqueIdentifier>
      <Extensions>
      </Extensions>
    </Filter>
    <Filter Include="hamsandwich">
      <UniqueIdentifier>{0429e63f-2fea-43cc-ae6c-c47b544ed2ab}</UniqueIdentifier>
      <Extensions>
      </Extensions>
    </Filter>
  </ItemGroup>
  <ItemGroup>
    <ClInclude Include="sdk\moduleconfig.h">
      <Filter>SDK</Filter>
    </ClInclude>
    <ClInclude Include="sdk\amxxmodule.h">
      <Filter>SDK</Filter>
    </ClInclude>
    <ClInclude Include="Utils.h">
      <Filter>Header</Filter>
    </ClInclude>
    <ClInclude Include="config_parser.h">
      <Filter>Header</Filter>
    </ClInclude>
    <ClInclude Include="ham\hamsandwich.h">
      <Filter>hamsandwich</Filter>
    </ClInclude>
    <ClInclude Include="ham\ham_const.h">
      <Filter>hamsandwich</Filter>
    </ClInclude>
    <ClInclude Include="ham\ham_hook.h">
      <Filter>hamsandwich</Filter>
    </ClInclude>
    <ClInclude Include="ham\ham_hooklist.h">
      <Filter>hamsandwich</Filter>
    </ClInclude>
    <ClInclude Include="ham\ham_hook_callbacks.h">
      <Filter>hamsandwich</Filter>
    </ClInclude>
    <ClInclude Include="ham\Trampolines.h">
      <Filter>hamsandwich</Filter>
    </ClInclude>
    <ClInclude Include="ham\offsets.h">
      <Filter>hamsandwich</Filter>
    </ClInclude>
    <ClInclude Include="BaseMonster.h">
      <Filter>Header</Filter>
    </ClInclude>
    <ClInclude Include="MonsterManager.h">
      <Filter>Header</Filter>
    </ClInclude>
    <ClInclude Include="Base.h">
      <Filter>Header</Filter>
    </ClInclude>
    <ClInclude Include="Zombie.h">
      <Filter>Header</Filter>
    </ClInclude>
    <ClInclude Include="EntityWrapper.h">
      <Filter>Header</Filter>
    </ClInclude>
  </ItemGroup>
  <ItemGroup>
    <ClCompile Include="sdk\amxxmodule.cpp">
      <Filter>SDK</Filter>
    </ClCompile>
    <ClCompile Include="Module.cpp">
      <Filter>Source</Filter>
    </ClCompile>
    <ClCompile Include="Utils.cpp">
      <Filter>Source</Filter>
    </ClCompile>
    <ClCompile Include="config_parser.cpp">
      <Filter>Source</Filter>
    </ClCompile>
    <ClCompile Include="ham\hamsandwich.cpp">
      <Filter>hamsandwich</Filter>
    </ClCompile>
    <ClCompile Include="Base.cpp">
      <Filter>Source</Filter>
    </ClCompile>
    <ClCompile Include="BaseMonster.cpp">
      <Filter>Source</Filter>
    </ClCompile>
    <ClCompile Include="MonsterManager.cpp">
      <Filter>Source</Filter>
    </ClCompile>
    <ClCompile Include="Zombie.cpp">
      <Filter>Source</Filter>
    </ClCompile>
  </ItemGroup>
  <ItemGroup>
    <None Include="cpp.hint" />
  </ItemGroup>
</Project>